// !$*UTF8*$!
{
	archiveVersion = 1;
	classes = {
	};
	objectVersion = 56;
	objects = {

/* Begin PBXBuildFile section */
		54BA37D52C5A79EE0057460A /* AppDelegate.swift in Sources */ = {isa = PBXBuildFile; fileRef = 54BA37D42C5A79EE0057460A /* AppDelegate.swift */; };
		54BA37D72C5A79EE0057460A /* SceneDelegate.swift in Sources */ = {isa = PBXBuildFile; fileRef = 54BA37D62C5A79EE0057460A /* SceneDelegate.swift */; };
		54BA37D92C5A79EE0057460A /* ViewController.swift in Sources */ = {isa = PBXBuildFile; fileRef = 54BA37D82C5A79EE0057460A /* ViewController.swift */; };
		54BA37DC2C5A79EE0057460A /* Base in Resources */ = {isa = PBXBuildFile; fileRef = 54BA37DB2C5A79EE0057460A /* Base */; };
		54BA37DF2C5A79EE0057460A /* haritaUygulamasi.xcdatamodeld in Sources */ = {isa = PBXBuildFile; fileRef = 54BA37DD2C5A79EE0057460A /* haritaUygulamasi.xcdatamodeld */; };
		54BA37E12C5A79EF0057460A /* Assets.xcassets in Resources */ = {isa = PBXBuildFile; fileRef = 54BA37E02C5A79EF0057460A /* Assets.xcassets */; };
		54BA37E42C5A79EF0057460A /* Base in Resources */ = {isa = PBXBuildFile; fileRef = 54BA37E32C5A79EF0057460A /* Base */; };
/* End PBXBuildFile section */

/* Begin PBXFileReference section */
		54BA37D12C5A79EE0057460A /* haritaUygulamasi.app */ = {isa = PBXFileReference; explicitFileType = wrapper.application; includeInIndex = 0; path = haritaUygulamasi.app; sourceTree = BUILT_PRODUCTS_DIR; };
		54BA37D42C5A79EE0057460A /* AppDelegate.swift */ = {isa = PBXFileReference; lastKnownFileType = sourcecode.swift; path = AppDelegate.swift; sourceTree = "<group>"; };
		54BA37D62C5A79EE0057460A /* SceneDelegate.swift */ = {isa = PBXFileReference; lastKnownFileType = sourcecode.swift; path = SceneDelegate.swift; sourceTree = "<group>"; };
		54BA37D82C5A79EE0057460A /* ViewController.swift */ = {isa = PBXFileReference; lastKnownFileType = sourcecode.swift; path = ViewController.swift; sourceTree = "<group>"; };
		54BA37DB2C5A79EE0057460A /* Base */ = {isa = PBXFileReference; lastKnownFileType = file.storyboard; name = Base; path = Base.lproj/Main.storyboard; sourceTree = "<group>"; };
		54BA37DE2C5A79EE0057460A /* haritaUygulamasi.xcdatamodel */ = {isa = PBXFileReference; lastKnownFileType = wrapper.xcdatamodel; path = haritaUygulamasi.xcdatamodel; sourceTree = "<group>"; };
		54BA37E02C5A79EF0057460A /* Assets.xcassets */ = {isa = PBXFileReference; lastKnownFileType = folder.assetcatalog; path = Assets.xcassets; sourceTree = "<group>"; };
		54BA37E32C5A79EF0057460A /* Base */ = {isa = PBXFileReference; lastKnownFileType = file.storyboard; name = Base; path = Base.lproj/LaunchScreen.storyboard; sourceTree = "<group>"; };
		54BA37E52C5A79EF0057460A /* Info.plist */ = {isa = PBXFileReference; lastKnownFileType = text.plist.xml; path = Info.plist; sourceTree = "<group>"; };
/* End PBXFileReference section */

/* Begin PBXFrameworksBuildPhase section */
		54BA37CE2C5A79EE0057460A /* Frameworks */ = {
			isa = PBXFrameworksBuildPhase;
			buildActionMask = 2147483647;
			files = (
			);
			runOnlyForDeploymentPostprocessing = 0;
		};
/* End PBXFrameworksBuildPhase section */

/* Begin PBXGroup section */
		54BA37C82C5A79EE0057460A = {
			isa = PBXGroup;
			children = (
				54BA37D32C5A79EE0057460A /* haritaUygulamasi */,
				54BA37D22C5A79EE0057460A /* Products */,
			);
			sourceTree = "<group>";
		};
		54BA37D22C5A79EE0057460A /* Products */ = {
			isa = PBXGroup;
			children = (
				54BA37D12C5A79EE0057460A /* haritaUygulamasi.app */,
			);
			name = Products;
			sourceTree = "<group>";
		};
		54BA37D32C5A79EE0057460A /* haritaUygulamasi */ = {
			isa = PBXGroup;
			children = (
				54BA37D42C5A79EE0057460A /* AppDelegate.swift */,
				54BA37D62C5A79EE0057460A /* SceneDelegate.swift */,
				54BA37D82C5A79EE0057460A /* ViewController.swift */,
				54BA37DA2C5A79EE0057460A /* Main.storyboard */,
				54BA37E02C5A79EF0057460A /* Assets.xcassets */,
				54BA37E22C5A79EF0057460A /* LaunchScreen.storyboard */,
				54BA37E52C5A79EF0057460A /* Info.plist */,
				54BA37DD2C5A79EE0057460A /* haritaUygulamasi.xcdatamodeld */,
			);
			path = haritaUygulamasi;
			sourceTree = "<group>";
		};
/* End PBXGroup section */

/* Begin PBXNativeTarget section */
		54BA37D02C5A79EE0057460A /* haritaUygulamasi */ = {
			isa = PBXNativeTarget;
			buildConfigurationList = 54BA37E82C5A79EF0057460A /* Build configuration list for PBXNativeTarget "haritaUygulamasi" */;
			buildPhases = (
				54BA37CD2C5A79EE0057460A /* Sources */,
				54BA37CE2C5A79EE0057460A /* Frameworks */,
				54BA37CF2C5A79EE0057460A /* Resources */,
			);
			buildRules = (
			);
			dependencies = (
			);
			name = haritaUygulamasi;
			productName = haritaUygulamasi;
			productReference = 54BA37D12C5A79EE0057460A /* haritaUygulamasi.app */;
			productType = "com.apple.product-type.application";
		};
/* End PBXNativeTarget section */

/* Begin PBXProject section */
		54BA37C92C5A79EE0057460A /* Project object */ = {
			isa = PBXProject;
			attributes = {
				BuildIndependentTargetsInParallel = 1;
				LastSwiftUpdateCheck = 1540;
				LastUpgradeCheck = 1540;
				TargetAttributes = {
					54BA37D02C5A79EE0057460A = {
						CreatedOnToolsVersion = 15.4;
					};
				};
			};
			buildConfigurationList = 54BA37CC2C5A79EE0057460A /* Build configuration list for PBXProject "haritaUygulamasi" */;
			compatibilityVersion = "Xcode 14.0";
			developmentRegion = en;
			hasScannedForEncodings = 0;
			knownRegions = (
				en,
				Base,
			);
			mainGroup = 54BA37C82C5A79EE0057460A;
			productRefGroup = 54BA37D22C5A79EE0057460A /* Products */;
			projectDirPath = "";
			projectRoot = "";
			targets = (
				54BA37D02C5A79EE0057460A /* haritaUygulamasi */,
			);
		};
/* End PBXProject section */

/* Begin PBXResourcesBuildPhase section */
		54BA37CF2C5A79EE0057460A /* Resources */ = {
			isa = PBXResourcesBuildPhase;
			buildActionMask = 2147483647;
			files = (
				54BA37E12C5A79EF0057460A /* Assets.xcassets in Resources */,
				54BA37E42C5A79EF0057460A /* Base in Resources */,
				54BA37DC2C5A79EE0057460A /* Base in Resources */,
			);
			runOnlyForDeploymentPostprocessing = 0;
		};
/* End PBXResourcesBuildPhase section */

/* Begin PBXSourcesBuildPhase section */
		54BA37CD2C5A79EE0057460A /* Sources */ = {
			isa = PBXSourcesBuildPhase;
			buildActionMask = 2147483647;
			files = (
				54BA37D92C5A79EE0057460A /* ViewController.swift in Sources */,
				54BA37D52C5A79EE0057460A /* AppDelegate.swift in Sources */,
				54BA37D72C5A79EE0057460A /* SceneDelegate.swift in Sources */,
				54BA37DF2C5A79EE0057460A /* haritaUygulamasi.xcdatamodeld in Sources */,
			);
			runOnlyForDeploymentPostprocessing = 0;
		};
/* End PBXSourcesBuildPhase section */

/* Begin PBXVariantGroup section */
		54BA37DA2C5A79EE0057460A /* Main.storyboard */ = {
			isa = PBXVariantGroup;
			children = (
				54BA37DB2C5A79EE0057460A /* Base */,
			);
			name = Main.storyboard;
			sourceTree = "<group>";
		};
		54BA37E22C5A79EF0057460A /* LaunchScreen.storyboard */ = {
			isa = PBXVariantGroup;
			children = (
				54BA37E32C5A79EF0057460A /* Base */,
			);
			name = LaunchScreen.storyboard;
			sourceTree = "<group>";
		};
/* End PBXVariantGroup section */

/* Begin XCBuildConfiguration section */
		54BA37E62C5A79EF0057460A /* Debug */ = {
			isa = XCBuildConfiguration;
			buildSettings = {
				ALWAYS_SEARCH_USER_PATHS = NO;
				ASSETCATALOG_COMPILER_GENERATE_SWIFT_ASSET_SYMBOL_EXTENSIONS = YES;
				CLANG_ANALYZER_NONNULL = YES;
				CLANG_ANALYZER_NUMBER_OBJECT_CONVERSION = YES_AGGRESSIVE;
				CLANG_CXX_LANGUAGE_STANDARD = "gnu++20";
				CLANG_ENABLE_MODULES = YES;
				CLANG_ENABLE_OBJC_ARC = YES;
				CLANG_ENABLE_OBJC_WEAK = YES;
				CLANG_WARN_BLOCK_CAPTURE_AUTORELEASING = YES;
				CLANG_WARN_BOOL_CONVERSION = YES;
				CLANG_WARN_COMMA = YES;
				CLANG_WARN_CONSTANT_CONVERSION = YES;
				CLANG_WARN_DEPRECATED_OBJC_IMPLEMENTATIONS = YES;
				CLANG_WARN_DIRECT_OBJC_ISA_USAGE = YES_ERROR;
				CLANG_WARN_DOCUMENTATION_COMMENTS = YES;
				CLANG_WARN_EMPTY_BODY = YES;
				CLANG_WARN_ENUM_CONVERSION = YES;
				CLANG_WARN_INFINITE_RECURSION = YES;
				CLANG_WARN_INT_CONVERSION = YES;
				CLANG_WARN_NON_LITERAL_NULL_CONVERSION = YES;
				CLANG_WARN_OBJC_IMPLICIT_RETAIN_SELF = YES;
				CLANG_WARN_OBJC_LITERAL_CONVERSION = YES;
				CLANG_WARN_OBJC_ROOT_CLASS = YES_ERROR;
				CLANG_WARN_QUOTED_INCLUDE_IN_FRAMEWORK_HEADER = YES;
				CLANG_WARN_RANGE_LOOP_ANALYSIS = YES;
				CLANG_WARN_STRICT_PROTOTYPES = YES;
				CLANG_WARN_SUSPICIOUS_MOVE = YES;
				CLANG_WARN_UNGUARDED_AVAILABILITY = YES_AGGRESSIVE;
				CLANG_WARN_UNREACHABLE_CODE = YES;
				CLANG_WARN__DUPLICATE_METHOD_MATCH = YES;
				COPY_PHASE_STRIP = NO;
				DEBUG_INFORMATION_FORMAT = dwarf;
				ENABLE_STRICT_OBJC_MSGSEND = YES;
				ENABLE_TESTABILITY = YES;
				ENABLE_USER_SCRIPT_SANDBOXING = YES;
				GCC_C_LANGUAGE_STANDARD = gnu17;
				GCC_DYNAMIC_NO_PIC = NO;
				GCC_NO_COMMON_BLOCKS = YES;
				GCC_OPTIMIZATION_LEVEL = 0;
				GCC_PREPROCESSOR_DEFINITIONS = (
					"DEBUG=1",
					"$(inherited)",
				);
				GCC_WARN_64_TO_32_BIT_CONVERSION = YES;
				GCC_WARN_ABOUT_RETURN_TYPE = YES_ERROR;
				GCC_WARN_UNDECLARED_SELECTOR = YES;
				GCC_WARN_UNINITIALIZED_AUTOS = YES_AGGRESSIVE;
				GCC_WARN_UNUSED_FUNCTION = YES;
				GCC_WARN_UNUSED_VARIABLE = YES;
				IPHONEOS_DEPLOYMENT_TARGET = 17.5;
				LOCALIZATION_PREFERS_STRING_CATALOGS = YES;
				MTL_ENABLE_DEBUG_INFO = INCLUDE_SOURCE;
				MTL_FAST_MATH = YES;
				ONLY_ACTIVE_ARCH = YES;
				SDKROOT = iphoneos;
				SWIFT_ACTIVE_COMPILATION_CONDITIONS = "DEBUG $(inherited)";
				SWIFT_OPTIMIZATION_LEVEL = "-Onone";
			};
			name = Debug;
		};
		54BA37E72C5A79EF0057460A /* Release */ = {
			isa = XCBuildConfiguration;
			buildSettings = {
				ALWAYS_SEARCH_USER_PATHS = NO;
				ASSETCATALOG_COMPILER_GENERATE_SWIFT_ASSET_SYMBOL_EXTENSIONS = YES;
				CLANG_ANALYZER_NONNULL = YES;
				CLANG_ANALYZER_NUMBER_OBJECT_CONVERSION = YES_AGGRESSIVE;
				CLANG_CXX_LANGUAGE_STANDARD = "gnu++20";
				CLANG_ENABLE_MODULES = YES;
				CLANG_ENABLE_OBJC_ARC = YES;
				CLANG_ENABLE_OBJC_WEAK = YES;
				CLANG_WARN_BLOCK_CAPTURE_AUTORELEASING = YES;
				CLANG_WARN_BOOL_CONVERSION = YES;
				CLANG_WARN_COMMA = YES;
				CLANG_WARN_CONSTANT_CONVERSION = YES;
				CLANG_WARN_DEPRECATED_OBJC_IMPLEMENTATIONS = YES;
				CLANG_WARN_DIRECT_OBJC_ISA_USAGE = YES_ERROR;
				CLANG_WARN_DOCUMENTATION_COMMENTS = YES;
				CLANG_WARN_EMPTY_BODY = YES;
				CLANG_WARN_ENUM_CONVERSION = YES;
				CLANG_WARN_INFINITE_RECURSION = YES;
				CLANG_WARN_INT_CONVERSION = YES;
				CLANG_WARN_NON_LITERAL_NULL_CONVERSION = YES;
				CLANG_WARN_OBJC_IMPLICIT_RETAIN_SELF = YES;
				CLANG_WARN_OBJC_LITERAL_CONVERSION = YES;
				CLANG_WARN_OBJC_ROOT_CLASS = YES_ERROR;
				CLANG_WARN_QUOTED_INCLUDE_IN_FRAMEWORK_HEADER = YES;
				CLANG_WARN_RANGE_LOOP_ANALYSIS = YES;
				CLANG_WARN_STRICT_PROTOTYPES = YES;
				CLANG_WARN_SUSPICIOUS_MOVE = YES;
				CLANG_WARN_UNGUARDED_AVAILABILITY = YES_AGGRESSIVE;
				CLANG_WARN_UNREACHABLE_CODE = YES;
				CLANG_WARN__DUPLICATE_METHOD_MATCH = YES;
				COPY_PHASE_STRIP = NO;
				DEBUG_INFORMATION_FORMAT = "dwarf-with-dsym";
				ENABLE_NS_ASSERTIONS = NO;
				ENABLE_STRICT_OBJC_MSGSEND = YES;
				ENABLE_USER_SCRIPT_SANDBOXING = YES;
				GCC_C_LANGUAGE_STANDARD = gnu17;
				GCC_NO_COMMON_BLOCKS = YES;
				GCC_WARN_64_TO_32_BIT_CONVERSION = YES;
				GCC_WARN_ABOUT_RETURN_TYPE = YES_ERROR;
				GCC_WARN_UNDECLARED_SELECTOR = YES;
				GCC_WARN_UNINITIALIZED_AUTOS = YES_AGGRESSIVE;
				GCC_WARN_UNUSED_FUNCTION = YES;
				GCC_WARN_UNUSED_VARIABLE = YES;
				IPHONEOS_DEPLOYMENT_TARGET = 17.5;
				LOCALIZATION_PREFERS_STRING_CATALOGS = YES;
				MTL_ENABLE_DEBUG_INFO = NO;
				MTL_FAST_MATH = YES;
				SDKROOT = iphoneos;
				SWIFT_COMPILATION_MODE = wholemodule;
				VALIDATE_PRODUCT = YES;
			};
			name = Release;
		};
		54BA37E92C5A79EF0057460A /* Debug */ = {
			isa = XCBuildConfiguration;
			buildSettings = {
				ASSETCATALOG_COMPILER_APPICON_NAME = AppIcon;
				ASSETCATALOG_COMPILER_GLOBAL_ACCENT_COLOR_NAME = AccentColor;
				CODE_SIGN_STYLE = Automatic;
				CURRENT_PROJECT_VERSION = 1;
				DEVELOPMENT_TEAM = 782YR4KUB9;
				GENERATE_INFOPLIST_FILE = YES;
				INFOPLIST_FILE = haritaUygulamasi/Info.plist;
				INFOPLIST_KEY_UIApplicationSupportsIndirectInputEvents = YES;
				INFOPLIST_KEY_UILaunchStoryboardName = LaunchScreen;
				INFOPLIST_KEY_UIMainStoryboardFile = Main;
				INFOPLIST_KEY_UISupportedInterfaceOrientations_iPad = "UIInterfaceOrientationPortrait UIInterfaceOrientationPortraitUpsideDown UIInterfaceOrientationLandscapeLeft UIInterfaceOrientationLandscapeRight";
				INFOPLIST_KEY_UISupportedInterfaceOrientations_iPhone = "UIInterfaceOrientationPortrait UIInterfaceOrientationLandscapeLeft UIInterfaceOrientationLandscapeRight";
				LD_RUNPATH_SEARCH_PATHS = (
					"$(inherited)",
					"@executable_path/Frameworks",
				);
				MARKETING_VERSION = 1.0;
				PRODUCT_BUNDLE_IDENTIFIER = com.bayramyelec.haritaUygulamasi;
				PRODUCT_NAME = "$(TARGET_NAME)";
				SWIFT_EMIT_LOC_STRINGS = YES;
				SWIFT_VERSION = 5.0;
				TARGETED_DEVICE_FAMILY = "1,2";
			};
			name = Debug;
		};
		54BA37EA2C5A79EF0057460A /* Release */ = {
			isa = XCBuildConfiguration;
			buildSettings = {
				ASSETCATALOG_COMPILER_APPICON_NAME = AppIcon;
				ASSETCATALOG_COMPILER_GLOBAL_ACCENT_COLOR_NAME = AccentColor;
				CODE_SIGN_STYLE = Automatic;
				CURRENT_PROJECT_VERSION = 1;
				DEVELOPMENT_TEAM = 782YR4KUB9;
				GENERATE_INFOPLIST_FILE = YES;
				INFOPLIST_FILE = haritaUygulamasi/Info.plist;
				INFOPLIST_KEY_UIApplicationSupportsIndirectInputEvents = YES;
				INFOPLIST_KEY_UILaunchStoryboardName = LaunchScreen;
				INFOPLIST_KEY_UIMainStoryboardFile = Main;
				INFOPLIST_KEY_UISupportedInterfaceOrientations_iPad = "UIInterfaceOrientationPortrait UIInterfaceOrientationPortraitUpsideDown UIInterfaceOrientationLandscapeLeft UIInterfaceOrientationLandscapeRight";
				INFOPLIST_KEY_UISupportedInterfaceOrientations_iPhone = "UIInterfaceOrientationPortrait UIInterfaceOrientationLandscapeLeft UIInterfaceOrientationLandscapeRight";
				LD_RUNPATH_SEARCH_PATHS = (
					"$(inherited)",
					"@executable_path/Frameworks",
				);
				MARKETING_VERSION = 1.0;
				PRODUCT_BUNDLE_IDENTIFIER = com.bayramyelec.haritaUygulamasi;
				PRODUCT_NAME = "$(TARGET_NAME)";
				SWIFT_EMIT_LOC_STRINGS = YES;
				SWIFT_VERSION = 5.0;
				TARGETED_DEVICE_FAMILY = "1,2";
			};
			name = Release;
		};
/* End XCBuildConfiguration section */

/* Begin XCConfigurationList section */
		54BA37CC2C5A79EE0057460A /* Build configuration list for PBXProject "haritaUygulamasi" */ = {
			isa = XCConfigurationList;
			buildConfigurations = (
				54BA37E62C5A79EF0057460A /* Debug */,
				54BA37E72C5A79EF0057460A /* Release */,
			);
			defaultConfigurationIsVisible = 0;
			defaultConfigurationName = Release;
		};
		54BA37E82C5A79EF0057460A /* Build configuration list for PBXNativeTarget "haritaUygulamasi" */ = {
			isa = XCConfigurationList;
			buildConfigurations = (
				54BA37E92C5A79EF0057460A /* Debug */,
				54BA37EA2C5A79EF0057460A /* Release */,
			);
			defaultConfigurationIsVisible = 0;
			defaultConfigurationName = Release;
		};
/* End XCConfigurationList section */

/* Begin XCVersionGroup section */
		54BA37DD2C5A79EE0057460A /* haritaUygulamasi.xcdatamodeld */ = {
			isa = XCVersionGroup;
			children = (
				54BA37DE2C5A79EE0057460A /* haritaUygulamasi.xcdatamodel */,
			);
			currentVersion = 54BA37DE2C5A79EE0057460A /* haritaUygulamasi.xcdatamodel */;
			path = haritaUygulamasi.xcdatamodeld;
			sourceTree = "<group>";
			versionGroupType = wrapper.xcdatamodel;
		};
/* End XCVersionGroup section */
	};
	rootObject = 54BA37C92C5A79EE0057460A /* Project object */;
}
